
Microsoft Visual Studio Solution File, Format Version 12.00
# Visual Studio 15
VisualStudioVersion = 15.0.26124.0
MinimumVisualStudioVersion = 15.0.26124.0
Project("{FAE04EC0-301F-11D3-BF4B-00C04F79EFBC}") = "TestCQRS.App.Impl", "TestCQRS.App.Impl\TestCQRS.App.Impl.csproj", "{0272966D-6E0C-4876-83E0-92483333890B}"
EndProject
Project("{FAE04EC0-301F-11D3-BF4B-00C04F79EFBC}") = "TestCQRS.Domain", "TestCQRS.Domain\TestCQRS.Domain.csproj", "{2319DDF2-B0A3-400F-8330-FF0B9F7AFEDB}"
EndProject
Project("{FAE04EC0-301F-11D3-BF4B-00C04F79EFBC}") = "TestCQRS.Queries", "TestCQRS.Queries\TestCQRS.Queries.csproj", "{DFAC41B2-D208-4605-BF97-E727D45C6ECA}"
EndProject
Project("{FAE04EC0-301F-11D3-BF4B-00C04F79EFBC}") = "TestCQRS.Web", "TestCQRS.Web\TestCQRS.Web.csproj", "{FF741DBD-711F-4AA3-B921-E345B1793721}"
EndProject
Project("{FAE04EC0-301F-11D3-BF4B-00C04F79EFBC}") = "Util", "Util\Util.csproj", "{87E36403-26D0-472E-ABAB-F878D68600DD}"
EndProject
Project("{FAE04EC0-301F-11D3-BF4B-00C04F79EFBC}") = "TestCQRS.Tests", "TestCQRS.Tests\TestCQRS.Tests.csproj", "{BA53A064-663B-44AB-8A80-6408E65CC577}"
EndProject
Global
	GlobalSection(SolutionConfigurationPlatforms) = preSolution
		Debug|Any CPU = Debug|Any CPU
		Debug|x64 = Debug|x64
		Debug|x86 = Debug|x86
		Release|Any CPU = Release|Any CPU
		Release|x64 = Release|x64
		Release|x86 = Release|x86
	EndGlobalSection
	GlobalSection(SolutionProperties) = preSolution
		HideSolutionNode = FALSE
	EndGlobalSection
	GlobalSection(ProjectConfigurationPlatforms) = postSolution
		{FF741DBD-711F-4AA3-B921-E345B1793721}.Debug|Any CPU.ActiveCfg = Debug|Any CPU
		{FF741DBD-711F-4AA3-B921-E345B1793721}.Debug|Any CPU.Build.0 = Debug|Any CPU
		{FF741DBD-711F-4AA3-B921-E345B1793721}.Debug|x64.ActiveCfg = Debug|Any CPU
		{FF741DBD-711F-4AA3-B921-E345B1793721}.Debug|x64.Build.0 = Debug|Any CPU
		{FF741DBD-711F-4AA3-B921-E345B1793721}.Debug|x86.ActiveCfg = Debug|Any CPU
		{FF741DBD-711F-4AA3-B921-E345B1793721}.Debug|x86.Build.0 = Debug|Any CPU
		{FF741DBD-711F-4AA3-B921-E345B1793721}.Release|Any CPU.ActiveCfg = Release|Any CPU
		{FF741DBD-711F-4AA3-B921-E345B1793721}.Release|Any CPU.Build.0 = Release|Any CPU
		{FF741DBD-711F-4AA3-B921-E345B1793721}.Release|x64.ActiveCfg = Release|Any CPU
		{FF741DBD-711F-4AA3-B921-E345B1793721}.Release|x64.Build.0 = Release|Any CPU
		{FF741DBD-711F-4AA3-B921-E345B1793721}.Release|x86.ActiveCfg = Release|Any CPU
		{FF741DBD-711F-4AA3-B921-E345B1793721}.Release|x86.Build.0 = Release|Any CPU
		{0272966D-6E0C-4876-83E0-92483333890B}.Debug|Any CPU.ActiveCfg = Debug|Any CPU
		{0272966D-6E0C-4876-83E0-92483333890B}.Debug|Any CPU.Build.0 = Debug|Any CPU
		{0272966D-6E0C-4876-83E0-92483333890B}.Debug|x64.ActiveCfg = Debug|Any CPU
		{0272966D-6E0C-4876-83E0-92483333890B}.Debug|x64.Build.0 = Debug|Any CPU
		{0272966D-6E0C-4876-83E0-92483333890B}.Debug|x86.ActiveCfg = Debug|Any CPU
		{0272966D-6E0C-4876-83E0-92483333890B}.Debug|x86.Build.0 = Debug|Any CPU
		{0272966D-6E0C-4876-83E0-92483333890B}.Release|Any CPU.ActiveCfg = Release|Any CPU
		{0272966D-6E0C-4876-83E0-92483333890B}.Release|Any CPU.Build.0 = Release|Any CPU
		{0272966D-6E0C-4876-83E0-92483333890B}.Release|x64.ActiveCfg = Release|Any CPU
		{0272966D-6E0C-4876-83E0-92483333890B}.Release|x64.Build.0 = Release|Any CPU
		{0272966D-6E0C-4876-83E0-92483333890B}.Release|x86.ActiveCfg = Release|Any CPU
		{0272966D-6E0C-4876-83E0-92483333890B}.Release|x86.Build.0 = Release|Any CPU
		{DFAC41B2-D208-4605-BF97-E727D45C6ECA}.Debug|Any CPU.ActiveCfg = Debug|Any CPU
		{DFAC41B2-D208-4605-BF97-E727D45C6ECA}.Debug|Any CPU.Build.0 = Debug|Any CPU
		{DFAC41B2-D208-4605-BF97-E727D45C6ECA}.Debug|x64.ActiveCfg = Debug|Any CPU
		{DFAC41B2-D208-4605-BF97-E727D45C6ECA}.Debug|x64.Build.0 = Debug|Any CPU
		{DFAC41B2-D208-4605-BF97-E727D45C6ECA}.Debug|x86.ActiveCfg = Debug|Any CPU
		{DFAC41B2-D208-4605-BF97-E727D45C6ECA}.Debug|x86.Build.0 = Debug|Any CPU
		{DFAC41B2-D208-4605-BF97-E727D45C6ECA}.Release|Any CPU.ActiveCfg = Release|Any CPU
		{DFAC41B2-D208-4605-BF97-E727D45C6ECA}.Release|Any CPU.Build.0 = Release|Any CPU
		{DFAC41B2-D208-4605-BF97-E727D45C6ECA}.Release|x64.ActiveCfg = Release|Any CPU
		{DFAC41B2-D208-4605-BF97-E727D45C6ECA}.Release|x64.Build.0 = Release|Any CPU
		{DFAC41B2-D208-4605-BF97-E727D45C6ECA}.Release|x86.ActiveCfg = Release|Any CPU
		{DFAC41B2-D208-4605-BF97-E727D45C6ECA}.Release|x86.Build.0 = Release|Any CPU
		{2319DDF2-B0A3-400F-8330-FF0B9F7AFEDB}.Debug|Any CPU.ActiveCfg = Debug|Any CPU
		{2319DDF2-B0A3-400F-8330-FF0B9F7AFEDB}.Debug|Any CPU.Build.0 = Debug|Any CPU
		{2319DDF2-B0A3-400F-8330-FF0B9F7AFEDB}.Debug|x64.ActiveCfg = Debug|Any CPU
		{2319DDF2-B0A3-400F-8330-FF0B9F7AFEDB}.Debug|x64.Build.0 = Debug|Any CPU
		{2319DDF2-B0A3-400F-8330-FF0B9F7AFEDB}.Debug|x86.ActiveCfg = Debug|Any CPU
		{2319DDF2-B0A3-400F-8330-FF0B9F7AFEDB}.Debug|x86.Build.0 = Debug|Any CPU
		{2319DDF2-B0A3-400F-8330-FF0B9F7AFEDB}.Release|Any CPU.ActiveCfg = Release|Any CPU
		{2319DDF2-B0A3-400F-8330-FF0B9F7AFEDB}.Release|Any CPU.Build.0 = Release|Any CPU
		{2319DDF2-B0A3-400F-8330-FF0B9F7AFEDB}.Release|x64.ActiveCfg = Release|Any CPU
		{2319DDF2-B0A3-400F-8330-FF0B9F7AFEDB}.Release|x64.Build.0 = Release|Any CPU
		{2319DDF2-B0A3-400F-8330-FF0B9F7AFEDB}.Release|x86.ActiveCfg = Release|Any CPU
		{2319DDF2-B0A3-400F-8330-FF0B9F7AFEDB}.Release|x86.Build.0 = Release|Any CPU
		{87E36403-26D0-472E-ABAB-F878D68600DD}.Debug|Any CPU.ActiveCfg = Debug|Any CPU
		{87E36403-26D0-472E-ABAB-F878D68600DD}.Debug|Any CPU.Build.0 = Debug|Any CPU
		{87E36403-26D0-472E-ABAB-F878D68600DD}.Debug|x64.ActiveCfg = Debug|Any CPU
		{87E36403-26D0-472E-ABAB-F878D68600DD}.Debug|x64.Build.0 = Debug|Any CPU
		{87E36403-26D0-472E-ABAB-F878D68600DD}.Debug|x86.ActiveCfg = Debug|Any CPU
		{87E36403-26D0-472E-ABAB-F878D68600DD}.Debug|x86.Build.0 = Debug|Any CPU
		{87E36403-26D0-472E-ABAB-F878D68600DD}.Release|Any CPU.ActiveCfg = Release|Any CPU
		{87E36403-26D0-472E-ABAB-F878D68600DD}.Release|Any CPU.Build.0 = Release|Any CPU
		{87E36403-26D0-472E-ABAB-F878D68600DD}.Release|x64.ActiveCfg = Release|Any CPU
		{87E36403-26D0-472E-ABAB-F878D68600DD}.Release|x64.Build.0 = Release|Any CPU
		{87E36403-26D0-472E-ABAB-F878D68600DD}.Release|x86.ActiveCfg = Release|Any CPU
		{87E36403-26D0-472E-ABAB-F878D68600DD}.Release|x86.Build.0 = Release|Any CPU
		{BA53A064-663B-44AB-8A80-6408E65CC577}.Debug|Any CPU.ActiveCfg = Debug|Any CPU
		{BA53A064-663B-44AB-8A80-6408E65CC577}.Debug|Any CPU.Build.0 = Debug|Any CPU
		{BA53A064-663B-44AB-8A80-6408E65CC577}.Debug|x64.ActiveCfg = Debug|Any CPU
		{BA53A064-663B-44AB-8A80-6408E65CC577}.Debug|x64.Build.0 = Debug|Any CPU
		{BA53A064-663B-44AB-8A80-6408E65CC577}.Debug|x86.ActiveCfg = Debug|Any CPU
		{BA53A064-663B-44AB-8A80-6408E65CC577}.Debug|x86.Build.0 = Debug|Any CPU
		{BA53A064-663B-44AB-8A80-6408E65CC577}.Release|Any CPU.ActiveCfg = Release|Any CPU
		{BA53A064-663B-44AB-8A80-6408E65CC577}.Release|Any CPU.Build.0 = Release|Any CPU
		{BA53A064-663B-44AB-8A80-6408E65CC577}.Release|x64.ActiveCfg = Release|Any CPU
		{BA53A064-663B-44AB-8A80-6408E65CC577}.Release|x64.Build.0 = Release|Any CPU
		{BA53A064-663B-44AB-8A80-6408E65CC577}.Release|x86.ActiveCfg = Release|Any CPU
		{BA53A064-663B-44AB-8A80-6408E65CC577}.Release|x86.Build.0 = Release|Any CPU
	EndGlobalSection
EndGlobal
